// !$*UTF8*$!
{
	archiveVersion = 1;
	classes = {
	};
	objectVersion = 56;
	objects = {

/* Begin PBXBuildFile section */
		786D0A982B39FC6900595659 /* SegmentControl.swift in Sources */ = {isa = PBXBuildFile; fileRef = 786D0A972B39FC6900595659 /* SegmentControl.swift */; };
		786D0A9A2B3A2B5200595659 /* PopUps.swift in Sources */ = {isa = PBXBuildFile; fileRef = 786D0A992B3A2B5200595659 /* PopUps.swift */; };
		786D0AA32B3A905300595659 /* PostModel.swift in Sources */ = {isa = PBXBuildFile; fileRef = 786D0AA22B3A905300595659 /* PostModel.swift */; };
		786D0AA72B3AB8FA00595659 /* Profile.swift in Sources */ = {isa = PBXBuildFile; fileRef = 786D0AA62B3AB8FA00595659 /* Profile.swift */; };
		786D0AAA2B3AB9CB00595659 /* TabBar.swift in Sources */ = {isa = PBXBuildFile; fileRef = 786D0AA92B3AB9CB00595659 /* TabBar.swift */; };
		786D0AAD2B3ABAAD00595659 /* bottomDrawer.swift in Sources */ = {isa = PBXBuildFile; fileRef = 786D0AAC2B3ABAAD00595659 /* bottomDrawer.swift */; };
		786D0AAF2B3ABAF000595659 /* NavBar.swift in Sources */ = {isa = PBXBuildFile; fileRef = 786D0AAE2B3ABAF000595659 /* NavBar.swift */; };
		786D0AB12B3ACA6A00595659 /* ScrollableCell.swift in Sources */ = {isa = PBXBuildFile; fileRef = 786D0AB02B3ACA6A00595659 /* ScrollableCell.swift */; };
		786D0ABA2B3ACE8300595659 /* xxx.swift in Sources */ = {isa = PBXBuildFile; fileRef = 786D0AB92B3ACE8300595659 /* xxx.swift */; };
		78A05D662B43CFD4007039DC /* StudentTabView.swift in Sources */ = {isa = PBXBuildFile; fileRef = 78A05D552B43CFD4007039DC /* StudentTabView.swift */; };
		78A05D672B43CFD4007039DC /* StudentDetailView.swift in Sources */ = {isa = PBXBuildFile; fileRef = 78A05D572B43CFD4007039DC /* StudentDetailView.swift */; };
		78A05D682B43CFD4007039DC /* AddStudentView.swift in Sources */ = {isa = PBXBuildFile; fileRef = 78A05D592B43CFD4007039DC /* AddStudentView.swift */; };
		78A05D6A2B43CFD4007039DC /* ListView.swift in Sources */ = {isa = PBXBuildFile; fileRef = 78A05D5D2B43CFD4007039DC /* ListView.swift */; };
		78A05D6B2B43CFD4007039DC /* SideMenuView.swift in Sources */ = {isa = PBXBuildFile; fileRef = 78A05D5F2B43CFD4007039DC /* SideMenuView.swift */; };
		78A05D6C2B43CFD4007039DC /* SideMenu.swift in Sources */ = {isa = PBXBuildFile; fileRef = 78A05D602B43CFD4007039DC /* SideMenu.swift */; };
		78A05D7B2B43D1F8007039DC /* StudentTabView.swift in Sources */ = {isa = PBXBuildFile; fileRef = 78A05D712B43D1F7007039DC /* StudentTabView.swift */; };
		78A05D7C2B43D1F8007039DC /* AddStudentView.swift in Sources */ = {isa = PBXBuildFile; fileRef = 78A05D782B43D1F8007039DC /* AddStudentView.swift */; };
		78A05D7D2B43D1F8007039DC /* SideMenu.swift in Sources */ = {isa = PBXBuildFile; fileRef = 78A05D752B43D1F8007039DC /* SideMenu.swift */; };
		78A05D7E2B43D1F8007039DC /* StudentDetailView.swift in Sources */ = {isa = PBXBuildFile; fileRef = 78A05D7A2B43D1F8007039DC /* StudentDetailView.swift */; };
		78A05D7F2B43D1F8007039DC /* SideMenuView.swift in Sources */ = {isa = PBXBuildFile; fileRef = 78A05D762B43D1F8007039DC /* SideMenuView.swift */; };
		78A05D802B43D1F8007039DC /* ListView.swift in Sources */ = {isa = PBXBuildFile; fileRef = 78A05D732B43D1F7007039DC /* ListView.swift */; };
		78A8062A2B298C0600BD3B62 /* swiftUI_L1App.swift in Sources */ = {isa = PBXBuildFile; fileRef = 78A806292B298C0600BD3B62 /* swiftUI_L1App.swift */; };
		78A8062C2B298C0600BD3B62 /* SignUp.swift in Sources */ = {isa = PBXBuildFile; fileRef = 78A8062B2B298C0600BD3B62 /* SignUp.swift */; };
		78A8062E2B298C0A00BD3B62 /* Assets.xcassets in Resources */ = {isa = PBXBuildFile; fileRef = 78A8062D2B298C0A00BD3B62 /* Assets.xcassets */; };
		78A806312B298C0A00BD3B62 /* Preview Assets.xcassets in Resources */ = {isa = PBXBuildFile; fileRef = 78A806302B298C0A00BD3B62 /* Preview Assets.xcassets */; };
		78A8063C2B308F7F00BD3B62 /* Login.swift in Sources */ = {isa = PBXBuildFile; fileRef = 78A8063B2B308F7F00BD3B62 /* Login.swift */; };
		78A8063E2B30956700BD3B62 /* Extensions.swift in Sources */ = {isa = PBXBuildFile; fileRef = 78A8063D2B30956700BD3B62 /* Extensions.swift */; };
		78A806422B39DE7300BD3B62 /* Dashboard.swift in Sources */ = {isa = PBXBuildFile; fileRef = 78A806412B39DE7200BD3B62 /* Dashboard.swift */; };
/* End PBXBuildFile section */

/* Begin PBXFileReference section */
		786D0A972B39FC6900595659 /* SegmentControl.swift */ = {isa = PBXFileReference; lastKnownFileType = sourcecode.swift; path = SegmentControl.swift; sourceTree = "<group>"; };
		786D0A992B3A2B5200595659 /* PopUps.swift */ = {isa = PBXFileReference; lastKnownFileType = sourcecode.swift; path = PopUps.swift; sourceTree = "<group>"; };
		786D0AA22B3A905300595659 /* PostModel.swift */ = {isa = PBXFileReference; lastKnownFileType = sourcecode.swift; path = PostModel.swift; sourceTree = "<group>"; };
		786D0AA62B3AB8FA00595659 /* Profile.swift */ = {isa = PBXFileReference; lastKnownFileType = sourcecode.swift; path = Profile.swift; sourceTree = "<group>"; };
		786D0AA92B3AB9CB00595659 /* TabBar.swift */ = {isa = PBXFileReference; lastKnownFileType = sourcecode.swift; path = TabBar.swift; sourceTree = "<group>"; };
		786D0AAC2B3ABAAD00595659 /* bottomDrawer.swift */ = {isa = PBXFileReference; lastKnownFileType = sourcecode.swift; path = bottomDrawer.swift; sourceTree = "<group>"; };
		786D0AAE2B3ABAF000595659 /* NavBar.swift */ = {isa = PBXFileReference; lastKnownFileType = sourcecode.swift; path = NavBar.swift; sourceTree = "<group>"; };
		786D0AB02B3ACA6A00595659 /* ScrollableCell.swift */ = {isa = PBXFileReference; lastKnownFileType = sourcecode.swift; path = ScrollableCell.swift; sourceTree = "<group>"; };
		786D0AB92B3ACE8300595659 /* xxx.swift */ = {isa = PBXFileReference; lastKnownFileType = sourcecode.swift; path = xxx.swift; sourceTree = "<group>"; };
		78A05D552B43CFD4007039DC /* StudentTabView.swift */ = {isa = PBXFileReference; fileEncoding = 4; lastKnownFileType = sourcecode.swift; path = StudentTabView.swift; sourceTree = "<group>"; };
		78A05D572B43CFD4007039DC /* StudentDetailView.swift */ = {isa = PBXFileReference; fileEncoding = 4; lastKnownFileType = sourcecode.swift; path = StudentDetailView.swift; sourceTree = "<group>"; };
		78A05D592B43CFD4007039DC /* AddStudentView.swift */ = {isa = PBXFileReference; fileEncoding = 4; lastKnownFileType = sourcecode.swift; path = AddStudentView.swift; sourceTree = "<group>"; };
		78A05D5D2B43CFD4007039DC /* ListView.swift */ = {isa = PBXFileReference; fileEncoding = 4; lastKnownFileType = sourcecode.swift; path = ListView.swift; sourceTree = "<group>"; };
		78A05D5F2B43CFD4007039DC /* SideMenuView.swift */ = {isa = PBXFileReference; fileEncoding = 4; lastKnownFileType = sourcecode.swift; path = SideMenuView.swift; sourceTree = "<group>"; };
		78A05D602B43CFD4007039DC /* SideMenu.swift */ = {isa = PBXFileReference; fileEncoding = 4; lastKnownFileType = sourcecode.swift; path = SideMenu.swift; sourceTree = "<group>"; };
		78A05D712B43D1F7007039DC /* StudentTabView.swift */ = {isa = PBXFileReference; lastKnownFileType = sourcecode.swift; path = StudentTabView.swift; sourceTree = "<group>"; };
		78A05D732B43D1F7007039DC /* ListView.swift */ = {isa = PBXFileReference; lastKnownFileType = sourcecode.swift; path = ListView.swift; sourceTree = "<group>"; };
		78A05D752B43D1F8007039DC /* SideMenu.swift */ = {isa = PBXFileReference; lastKnownFileType = sourcecode.swift; path = SideMenu.swift; sourceTree = "<group>"; };
		78A05D762B43D1F8007039DC /* SideMenuView.swift */ = {isa = PBXFileReference; lastKnownFileType = sourcecode.swift; path = SideMenuView.swift; sourceTree = "<group>"; };
		78A05D782B43D1F8007039DC /* AddStudentView.swift */ = {isa = PBXFileReference; lastKnownFileType = sourcecode.swift; path = AddStudentView.swift; sourceTree = "<group>"; };
		78A05D7A2B43D1F8007039DC /* StudentDetailView.swift */ = {isa = PBXFileReference; lastKnownFileType = sourcecode.swift; path = StudentDetailView.swift; sourceTree = "<group>"; };
		78A806262B298C0600BD3B62 /* swiftUI_L1.app */ = {isa = PBXFileReference; explicitFileType = wrapper.application; includeInIndex = 0; path = swiftUI_L1.app; sourceTree = BUILT_PRODUCTS_DIR; };
		78A806292B298C0600BD3B62 /* swiftUI_L1App.swift */ = {isa = PBXFileReference; lastKnownFileType = sourcecode.swift; path = swiftUI_L1App.swift; sourceTree = "<group>"; };
		78A8062B2B298C0600BD3B62 /* SignUp.swift */ = {isa = PBXFileReference; lastKnownFileType = sourcecode.swift; path = SignUp.swift; sourceTree = "<group>"; };
		78A8062D2B298C0A00BD3B62 /* Assets.xcassets */ = {isa = PBXFileReference; lastKnownFileType = folder.assetcatalog; path = Assets.xcassets; sourceTree = "<group>"; };
		78A806302B298C0A00BD3B62 /* Preview Assets.xcassets */ = {isa = PBXFileReference; lastKnownFileType = folder.assetcatalog; path = "Preview Assets.xcassets"; sourceTree = "<group>"; };
		78A8063B2B308F7F00BD3B62 /* Login.swift */ = {isa = PBXFileReference; lastKnownFileType = sourcecode.swift; path = Login.swift; sourceTree = "<group>"; };
		78A8063D2B30956700BD3B62 /* Extensions.swift */ = {isa = PBXFileReference; lastKnownFileType = sourcecode.swift; path = Extensions.swift; sourceTree = "<group>"; };
		78A806412B39DE7200BD3B62 /* Dashboard.swift */ = {isa = PBXFileReference; lastKnownFileType = sourcecode.swift; path = Dashboard.swift; sourceTree = "<group>"; };
/* End PBXFileReference section */

/* Begin PBXFrameworksBuildPhase section */
		78A806232B298C0600BD3B62 /* Frameworks */ = {
			isa = PBXFrameworksBuildPhase;
			buildActionMask = 2147483647;
			files = (
			);
			runOnlyForDeploymentPostprocessing = 0;
		};
/* End PBXFrameworksBuildPhase section */

/* Begin PBXGroup section */
		786D0A9B2B3A8B9C00595659 /* Views */ = {
			isa = PBXGroup;
			children = (
				786D0AB52B3ACBB800595659 /* PopUps */,
				786D0AB42B3ACBAD00595659 /* SignUp */,
				786D0AB32B3ACBA000595659 /* Login */,
				786D0A9E2B3A8CBE00595659 /* Dashboard */,
				786D0A9D2B3A8C1500595659 /* Profile */,
			);
			path = Views;
			sourceTree = "<group>";
		};
		786D0A9C2B3A8BCD00595659 /* Extensions */ = {
			isa = PBXGroup;
			children = (
				78A8063D2B30956700BD3B62 /* Extensions.swift */,
			);
			path = Extensions;
			sourceTree = "<group>";
		};
		786D0A9D2B3A8C1500595659 /* Profile */ = {
			isa = PBXGroup;
			children = (
				786D0AAB2B3ABA9700595659 /* Components */,
				786D0AA82B3AB95000595659 /* View */,
				786D0AA12B3A903500595659 /* Model */,
			);
			path = Profile;
			sourceTree = "<group>";
		};
		786D0A9E2B3A8CBE00595659 /* Dashboard */ = {
			isa = PBXGroup;
			children = (
				786D0AA52B3AB8D200595659 /* Components */,
				786D0AA42B3AB8C400595659 /* View */,
			);
			path = Dashboard;
			sourceTree = "<group>";
		};
		786D0AA12B3A903500595659 /* Model */ = {
			isa = PBXGroup;
			children = (
				786D0AA22B3A905300595659 /* PostModel.swift */,
			);
			path = Model;
			sourceTree = "<group>";
		};
		786D0AA42B3AB8C400595659 /* View */ = {
			isa = PBXGroup;
			children = (
				78A806412B39DE7200BD3B62 /* Dashboard.swift */,
			);
			path = View;
			sourceTree = "<group>";
		};
		786D0AA52B3AB8D200595659 /* Components */ = {
			isa = PBXGroup;
			children = (
				786D0AA92B3AB9CB00595659 /* TabBar.swift */,
			);
			path = Components;
			sourceTree = "<group>";
		};
		786D0AA82B3AB95000595659 /* View */ = {
			isa = PBXGroup;
			children = (
				786D0AA62B3AB8FA00595659 /* Profile.swift */,
			);
			path = View;
			sourceTree = "<group>";
		};
		786D0AAB2B3ABA9700595659 /* Components */ = {
			isa = PBXGroup;
			children = (
				786D0AB22B3ACB7500595659 /* SegmentControl */,
				786D0AAC2B3ABAAD00595659 /* bottomDrawer.swift */,
				786D0AAE2B3ABAF000595659 /* NavBar.swift */,
			);
			path = Components;
			sourceTree = "<group>";
		};
		786D0AB22B3ACB7500595659 /* SegmentControl */ = {
			isa = PBXGroup;
			children = (
				786D0A972B39FC6900595659 /* SegmentControl.swift */,
				786D0AB02B3ACA6A00595659 /* ScrollableCell.swift */,
				786D0AB92B3ACE8300595659 /* xxx.swift */,
			);
			path = SegmentControl;
			sourceTree = "<group>";
		};
		786D0AB32B3ACBA000595659 /* Login */ = {
			isa = PBXGroup;
			children = (
				78A8063B2B308F7F00BD3B62 /* Login.swift */,
			);
			path = Login;
			sourceTree = "<group>";
		};
		786D0AB42B3ACBAD00595659 /* SignUp */ = {
			isa = PBXGroup;
			children = (
				78A8062B2B298C0600BD3B62 /* SignUp.swift */,
			);
			path = SignUp;
			sourceTree = "<group>";
		};
		786D0AB52B3ACBB800595659 /* PopUps */ = {
			isa = PBXGroup;
			children = (
				786D0A992B3A2B5200595659 /* PopUps.swift */,
			);
			path = PopUps;
			sourceTree = "<group>";
		};
		78A05D4C2B43CFD4007039DC /* Assignment_3 */ = {
			isa = PBXGroup;
			children = (
				78A05D502B43CFD4007039DC /* PresentationWork */,
			);
			name = Assignment_3;
			path = "../../SwiftUI-Series/Assignment_3";
			sourceTree = "<group>";
		};
		78A05D502B43CFD4007039DC /* PresentationWork */ = {
			isa = PBXGroup;
			children = (
				78A05D542B43CFD4007039DC /* StudentView */,
				78A05D5C2B43CFD4007039DC /* ListView */,
				78A05D5E2B43CFD4007039DC /* SideMenu */,
			);
			path = PresentationWork;
			sourceTree = "<group>";
		};
		78A05D542B43CFD4007039DC /* StudentView */ = {
			isa = PBXGroup;
			children = (
				78A05D552B43CFD4007039DC /* StudentTabView.swift */,
				78A05D562B43CFD4007039DC /* StudentDetailsView */,
				78A05D582B43CFD4007039DC /* AddStudentView */,
			);
			path = StudentView;
			sourceTree = "<group>";
		};
		78A05D562B43CFD4007039DC /* StudentDetailsView */ = {
			isa = PBXGroup;
			children = (
				78A05D572B43CFD4007039DC /* StudentDetailView.swift */,
			);
			path = StudentDetailsView;
			sourceTree = "<group>";
		};
		78A05D582B43CFD4007039DC /* AddStudentView */ = {
			isa = PBXGroup;
			children = (
				78A05D592B43CFD4007039DC /* AddStudentView.swift */,
			);
			path = AddStudentView;
			sourceTree = "<group>";
		};
		78A05D5C2B43CFD4007039DC /* ListView */ = {
			isa = PBXGroup;
			children = (
				78A05D5D2B43CFD4007039DC /* ListView.swift */,
			);
			path = ListView;
			sourceTree = "<group>";
		};
		78A05D5E2B43CFD4007039DC /* SideMenu */ = {
			isa = PBXGroup;
			children = (
				78A05D5F2B43CFD4007039DC /* SideMenuView.swift */,
				78A05D602B43CFD4007039DC /* SideMenu.swift */,
			);
			path = SideMenu;
			sourceTree = "<group>";
		};
		78A05D6E2B43D1F7007039DC /* Assignment_3 */ = {
			isa = PBXGroup;
			children = (
				78A05D6F2B43D1F7007039DC /* PresentationWork */,
			);
			path = Assignment_3;
			sourceTree = "<group>";
		};
		78A05D6F2B43D1F7007039DC /* PresentationWork */ = {
			isa = PBXGroup;
			children = (
				78A05D702B43D1F7007039DC /* StudentView */,
				78A05D722B43D1F7007039DC /* ListView */,
				78A05D742B43D1F7007039DC /* SideMenu */,
			);
			path = PresentationWork;
			sourceTree = "<group>";
		};
		78A05D702B43D1F7007039DC /* StudentView */ = {
			isa = PBXGroup;
			children = (
				78A05D712B43D1F7007039DC /* StudentTabView.swift */,
				78A05D792B43D1F8007039DC /* StudentDetailsView */,
				78A05D772B43D1F8007039DC /* AddStudentView */,
			);
			path = StudentView;
			sourceTree = "<group>";
		};
		78A05D722B43D1F7007039DC /* ListView */ = {
			isa = PBXGroup;
			children = (
				78A05D732B43D1F7007039DC /* ListView.swift */,
			);
			path = ListView;
			sourceTree = "<group>";
		};
		78A05D742B43D1F7007039DC /* SideMenu */ = {
			isa = PBXGroup;
			children = (
				78A05D762B43D1F8007039DC /* SideMenuView.swift */,
				78A05D752B43D1F8007039DC /* SideMenu.swift */,
			);
			path = SideMenu;
			sourceTree = "<group>";
		};
		78A05D772B43D1F8007039DC /* AddStudentView */ = {
			isa = PBXGroup;
			children = (
				78A05D782B43D1F8007039DC /* AddStudentView.swift */,
			);
			path = AddStudentView;
			sourceTree = "<group>";
		};
		78A05D792B43D1F8007039DC /* StudentDetailsView */ = {
			isa = PBXGroup;
			children = (
				78A05D7A2B43D1F8007039DC /* StudentDetailView.swift */,
			);
			path = StudentDetailsView;
			sourceTree = "<group>";
		};
		78A8061D2B298C0600BD3B62 = {
			isa = PBXGroup;
			children = (
				78A806282B298C0600BD3B62 /* swiftUI_L1 */,
				78A806292B298C0600BD3B62 /* swiftUI_L1App.swift */,
				78A05D4C2B43CFD4007039DC /* Assignment_3 */,
				78A806272B298C0600BD3B62 /* Products */,
			);
			sourceTree = "<group>";
		};
		78A806272B298C0600BD3B62 /* Products */ = {
			isa = PBXGroup;
			children = (
				78A806262B298C0600BD3B62 /* swiftUI_L1.app */,
			);
			name = Products;
			sourceTree = "<group>";
		};
		78A806282B298C0600BD3B62 /* swiftUI_L1 */ = {
			isa = PBXGroup;
			children = (
				78A05D6E2B43D1F7007039DC /* Assignment_3 */,
				78A8062D2B298C0A00BD3B62 /* Assets.xcassets */,
				78A8062F2B298C0A00BD3B62 /* Preview Content */,
				786D0A9C2B3A8BCD00595659 /* Extensions */,
				786D0A9B2B3A8B9C00595659 /* Views */,
			);
			path = swiftUI_L1;
			sourceTree = "<group>";
		};
		78A8062F2B298C0A00BD3B62 /* Preview Content */ = {
			isa = PBXGroup;
			children = (
				78A806302B298C0A00BD3B62 /* Preview Assets.xcassets */,
			);
			path = "Preview Content";
			sourceTree = "<group>";
		};
/* End PBXGroup section */

/* Begin PBXNativeTarget section */
		78A806252B298C0600BD3B62 /* swiftUI_L1 */ = {
			isa = PBXNativeTarget;
			buildConfigurationList = 78A806342B298C0A00BD3B62 /* Build configuration list for PBXNativeTarget "swiftUI_L1" */;
			buildPhases = (
				78A806222B298C0600BD3B62 /* Sources */,
				78A806232B298C0600BD3B62 /* Frameworks */,
				78A806242B298C0600BD3B62 /* Resources */,
			);
			buildRules = (
			);
			dependencies = (
			);
			name = swiftUI_L1;
			productName = swiftUI_L1;
			productReference = 78A806262B298C0600BD3B62 /* swiftUI_L1.app */;
			productType = "com.apple.product-type.application";
		};
/* End PBXNativeTarget section */

/* Begin PBXProject section */
		78A8061E2B298C0600BD3B62 /* Project object */ = {
			isa = PBXProject;
			attributes = {
				BuildIndependentTargetsInParallel = 1;
				LastSwiftUpdateCheck = 1500;
				LastUpgradeCheck = 1500;
				TargetAttributes = {
					78A806252B298C0600BD3B62 = {
						CreatedOnToolsVersion = 15.0.1;
					};
				};
			};
			buildConfigurationList = 78A806212B298C0600BD3B62 /* Build configuration list for PBXProject "swiftUI_L1" */;
			compatibilityVersion = "Xcode 14.0";
			developmentRegion = en;
			hasScannedForEncodings = 0;
			knownRegions = (
				en,
				Base,
			);
			mainGroup = 78A8061D2B298C0600BD3B62;
			productRefGroup = 78A806272B298C0600BD3B62 /* Products */;
			projectDirPath = "";
			projectRoot = "";
			targets = (
				78A806252B298C0600BD3B62 /* swiftUI_L1 */,
			);
		};
/* End PBXProject section */

/* Begin PBXResourcesBuildPhase section */
		78A806242B298C0600BD3B62 /* Resources */ = {
			isa = PBXResourcesBuildPhase;
			buildActionMask = 2147483647;
			files = (
				78A806312B298C0A00BD3B62 /* Preview Assets.xcassets in Resources */,
				78A8062E2B298C0A00BD3B62 /* Assets.xcassets in Resources */,
			);
			runOnlyForDeploymentPostprocessing = 0;
		};
/* End PBXResourcesBuildPhase section */

/* Begin PBXSourcesBuildPhase section */
		78A806222B298C0600BD3B62 /* Sources */ = {
			isa = PBXSourcesBuildPhase;
			buildActionMask = 2147483647;
			files = (
				78A8062C2B298C0600BD3B62 /* SignUp.swift in Sources */,
				78A05D6A2B43CFD4007039DC /* ListView.swift in Sources */,
				78A05D6B2B43CFD4007039DC /* SideMenuView.swift in Sources */,
				78A05D6C2B43CFD4007039DC /* SideMenu.swift in Sources */,
				78A05D672B43CFD4007039DC /* StudentDetailView.swift in Sources */,
				786D0AAD2B3ABAAD00595659 /* bottomDrawer.swift in Sources */,
				786D0ABA2B3ACE8300595659 /* xxx.swift in Sources */,
				78A05D7F2B43D1F8007039DC /* SideMenuView.swift in Sources */,
				786D0AA72B3AB8FA00595659 /* Profile.swift in Sources */,
				786D0AB12B3ACA6A00595659 /* ScrollableCell.swift in Sources */,
				786D0AA32B3A905300595659 /* PostModel.swift in Sources */,
				786D0AAA2B3AB9CB00595659 /* TabBar.swift in Sources */,
				78A05D662B43CFD4007039DC /* StudentTabView.swift in Sources */,
				786D0AAF2B3ABAF000595659 /* NavBar.swift in Sources */,
				78A05D802B43D1F8007039DC /* ListView.swift in Sources */,
				78A05D7D2B43D1F8007039DC /* SideMenu.swift in Sources */,
				78A05D7B2B43D1F8007039DC /* StudentTabView.swift in Sources */,
				78A806422B39DE7300BD3B62 /* Dashboard.swift in Sources */,
				786D0A9A2B3A2B5200595659 /* PopUps.swift in Sources */,
				786D0A982B39FC6900595659 /* SegmentControl.swift in Sources */,
				78A8063E2B30956700BD3B62 /* Extensions.swift in Sources */,
				78A8062A2B298C0600BD3B62 /* swiftUI_L1App.swift in Sources */,
				78A05D682B43CFD4007039DC /* AddStudentView.swift in Sources */,
				78A05D7C2B43D1F8007039DC /* AddStudentView.swift in Sources */,
				78A8063C2B308F7F00BD3B62 /* Login.swift in Sources */,
				78A05D7E2B43D1F8007039DC /* StudentDetailView.swift in Sources */,
			);
			runOnlyForDeploymentPostprocessing = 0;
		};
/* End PBXSourcesBuildPhase section */

/* Begin XCBuildConfiguration section */
		78A806322B298C0A00BD3B62 /* Debug */ = {
			isa = XCBuildConfiguration;
			buildSettings = {
				ALWAYS_SEARCH_USER_PATHS = NO;
				ASSETCATALOG_COMPILER_GENERATE_SWIFT_ASSET_SYMBOL_EXTENSIONS = YES;
				CLANG_ANALYZER_NONNULL = YES;
				CLANG_ANALYZER_NUMBER_OBJECT_CONVERSION = YES_AGGRESSIVE;
				CLANG_CXX_LANGUAGE_STANDARD = "gnu++20";
				CLANG_ENABLE_MODULES = YES;
				CLANG_ENABLE_OBJC_ARC = YES;
				CLANG_ENABLE_OBJC_WEAK = YES;
				CLANG_WARN_BLOCK_CAPTURE_AUTORELEASING = YES;
				CLANG_WARN_BOOL_CONVERSION = YES;
				CLANG_WARN_COMMA = YES;
				CLANG_WARN_CONSTANT_CONVERSION = YES;
				CLANG_WARN_DEPRECATED_OBJC_IMPLEMENTATIONS = YES;
				CLANG_WARN_DIRECT_OBJC_ISA_USAGE = YES_ERROR;
				CLANG_WARN_DOCUMENTATION_COMMENTS = YES;
				CLANG_WARN_EMPTY_BODY = YES;
				CLANG_WARN_ENUM_CONVERSION = YES;
				CLANG_WARN_INFINITE_RECURSION = YES;
				CLANG_WARN_INT_CONVERSION = YES;
				CLANG_WARN_NON_LITERAL_NULL_CONVERSION = YES;
				CLANG_WARN_OBJC_IMPLICIT_RETAIN_SELF = YES;
				CLANG_WARN_OBJC_LITERAL_CONVERSION = YES;
				CLANG_WARN_OBJC_ROOT_CLASS = YES_ERROR;
				CLANG_WARN_QUOTED_INCLUDE_IN_FRAMEWORK_HEADER = YES;
				CLANG_WARN_RANGE_LOOP_ANALYSIS = YES;
				CLANG_WARN_STRICT_PROTOTYPES = YES;
				CLANG_WARN_SUSPICIOUS_MOVE = YES;
				CLANG_WARN_UNGUARDED_AVAILABILITY = YES_AGGRESSIVE;
				CLANG_WARN_UNREACHABLE_CODE = YES;
				CLANG_WARN__DUPLICATE_METHOD_MATCH = YES;
				COPY_PHASE_STRIP = NO;
				DEBUG_INFORMATION_FORMAT = dwarf;
				ENABLE_STRICT_OBJC_MSGSEND = YES;
				ENABLE_TESTABILITY = YES;
				ENABLE_USER_SCRIPT_SANDBOXING = YES;
				GCC_C_LANGUAGE_STANDARD = gnu17;
				GCC_DYNAMIC_NO_PIC = NO;
				GCC_NO_COMMON_BLOCKS = YES;
				GCC_OPTIMIZATION_LEVEL = 0;
				GCC_PREPROCESSOR_DEFINITIONS = (
					"DEBUG=1",
					"$(inherited)",
				);
				GCC_WARN_64_TO_32_BIT_CONVERSION = YES;
				GCC_WARN_ABOUT_RETURN_TYPE = YES_ERROR;
				GCC_WARN_UNDECLARED_SELECTOR = YES;
				GCC_WARN_UNINITIALIZED_AUTOS = YES_AGGRESSIVE;
				GCC_WARN_UNUSED_FUNCTION = YES;
				GCC_WARN_UNUSED_VARIABLE = YES;
				IPHONEOS_DEPLOYMENT_TARGET = 17.0;
				LOCALIZATION_PREFERS_STRING_CATALOGS = YES;
				MTL_ENABLE_DEBUG_INFO = INCLUDE_SOURCE;
				MTL_FAST_MATH = YES;
				ONLY_ACTIVE_ARCH = YES;
				SDKROOT = iphoneos;
				SWIFT_ACTIVE_COMPILATION_CONDITIONS = "DEBUG $(inherited)";
				SWIFT_OPTIMIZATION_LEVEL = "-Onone";
			};
			name = Debug;
		};
		78A806332B298C0A00BD3B62 /* Release */ = {
			isa = XCBuildConfiguration;
			buildSettings = {
				ALWAYS_SEARCH_USER_PATHS = NO;
				ASSETCATALOG_COMPILER_GENERATE_SWIFT_ASSET_SYMBOL_EXTENSIONS = YES;
				CLANG_ANALYZER_NONNULL = YES;
				CLANG_ANALYZER_NUMBER_OBJECT_CONVERSION = YES_AGGRESSIVE;
				CLANG_CXX_LANGUAGE_STANDARD = "gnu++20";
				CLANG_ENABLE_MODULES = YES;
				CLANG_ENABLE_OBJC_ARC = YES;
				CLANG_ENABLE_OBJC_WEAK = YES;
				CLANG_WARN_BLOCK_CAPTURE_AUTORELEASING = YES;
				CLANG_WARN_BOOL_CONVERSION = YES;
				CLANG_WARN_COMMA = YES;
				CLANG_WARN_CONSTANT_CONVERSION = YES;
				CLANG_WARN_DEPRECATED_OBJC_IMPLEMENTATIONS = YES;
				CLANG_WARN_DIRECT_OBJC_ISA_USAGE = YES_ERROR;
				CLANG_WARN_DOCUMENTATION_COMMENTS = YES;
				CLANG_WARN_EMPTY_BODY = YES;
				CLANG_WARN_ENUM_CONVERSION = YES;
				CLANG_WARN_INFINITE_RECURSION = YES;
				CLANG_WARN_INT_CONVERSION = YES;
				CLANG_WARN_NON_LITERAL_NULL_CONVERSION = YES;
				CLANG_WARN_OBJC_IMPLICIT_RETAIN_SELF = YES;
				CLANG_WARN_OBJC_LITERAL_CONVERSION = YES;
				CLANG_WARN_OBJC_ROOT_CLASS = YES_ERROR;
				CLANG_WARN_QUOTED_INCLUDE_IN_FRAMEWORK_HEADER = YES;
				CLANG_WARN_RANGE_LOOP_ANALYSIS = YES;
				CLANG_WARN_STRICT_PROTOTYPES = YES;
				CLANG_WARN_SUSPICIOUS_MOVE = YES;
				CLANG_WARN_UNGUARDED_AVAILABILITY = YES_AGGRESSIVE;
				CLANG_WARN_UNREACHABLE_CODE = YES;
				CLANG_WARN__DUPLICATE_METHOD_MATCH = YES;
				COPY_PHASE_STRIP = NO;
				DEBUG_INFORMATION_FORMAT = "dwarf-with-dsym";
				ENABLE_NS_ASSERTIONS = NO;
				ENABLE_STRICT_OBJC_MSGSEND = YES;
				ENABLE_USER_SCRIPT_SANDBOXING = YES;
				GCC_C_LANGUAGE_STANDARD = gnu17;
				GCC_NO_COMMON_BLOCKS = YES;
				GCC_WARN_64_TO_32_BIT_CONVERSION = YES;
				GCC_WARN_ABOUT_RETURN_TYPE = YES_ERROR;
				GCC_WARN_UNDECLARED_SELECTOR = YES;
				GCC_WARN_UNINITIALIZED_AUTOS = YES_AGGRESSIVE;
				GCC_WARN_UNUSED_FUNCTION = YES;
				GCC_WARN_UNUSED_VARIABLE = YES;
				IPHONEOS_DEPLOYMENT_TARGET = 17.0;
				LOCALIZATION_PREFERS_STRING_CATALOGS = YES;
				MTL_ENABLE_DEBUG_INFO = NO;
				MTL_FAST_MATH = YES;
				SDKROOT = iphoneos;
				SWIFT_COMPILATION_MODE = wholemodule;
				VALIDATE_PRODUCT = YES;
			};
			name = Release;
		};
		78A806352B298C0A00BD3B62 /* Debug */ = {
			isa = XCBuildConfiguration;
			buildSettings = {
				ASSETCATALOG_COMPILER_APPICON_NAME = AppIcon;
				ASSETCATALOG_COMPILER_GLOBAL_ACCENT_COLOR_NAME = AccentColor;
				CODE_SIGN_STYLE = Automatic;
				CURRENT_PROJECT_VERSION = 1;
				DEVELOPMENT_ASSET_PATHS = "\"swiftUI_L1/Preview Content\"";
				ENABLE_PREVIEWS = YES;
				GENERATE_INFOPLIST_FILE = YES;
				INFOPLIST_KEY_UIApplicationSceneManifest_Generation = YES;
				INFOPLIST_KEY_UIApplicationSupportsIndirectInputEvents = YES;
				INFOPLIST_KEY_UILaunchScreen_Generation = YES;
				INFOPLIST_KEY_UISupportedInterfaceOrientations_iPad = "UIInterfaceOrientationPortrait UIInterfaceOrientationPortraitUpsideDown UIInterfaceOrientationLandscapeLeft UIInterfaceOrientationLandscapeRight";
				INFOPLIST_KEY_UISupportedInterfaceOrientations_iPhone = "UIInterfaceOrientationPortrait UIInterfaceOrientationLandscapeLeft UIInterfaceOrientationLandscapeRight";
				LD_RUNPATH_SEARCH_PATHS = (
					"$(inherited)",
					"@executable_path/Frameworks",
				);
				MARKETING_VERSION = 1.0;
				PRODUCT_BUNDLE_IDENTIFIER = "test.swiftUI-L1";
				PRODUCT_NAME = "$(TARGET_NAME)";
				SWIFT_EMIT_LOC_STRINGS = YES;
				SWIFT_VERSION = 5.0;
				TARGETED_DEVICE_FAMILY = "1,2";
			};
			name = Debug;
		};
		78A806362B298C0A00BD3B62 /* Release */ = {
			isa = XCBuildConfiguration;
			buildSettings = {
				ASSETCATALOG_COMPILER_APPICON_NAME = AppIcon;
				ASSETCATALOG_COMPILER_GLOBAL_ACCENT_COLOR_NAME = AccentColor;
				CODE_SIGN_STYLE = Automatic;
				CURRENT_PROJECT_VERSION = 1;
				DEVELOPMENT_ASSET_PATHS = "\"swiftUI_L1/Preview Content\"";
				ENABLE_PREVIEWS = YES;
				GENERATE_INFOPLIST_FILE = YES;
				INFOPLIST_KEY_UIApplicationSceneManifest_Generation = YES;
				INFOPLIST_KEY_UIApplicationSupportsIndirectInputEvents = YES;
				INFOPLIST_KEY_UILaunchScreen_Generation = YES;
				INFOPLIST_KEY_UISupportedInterfaceOrientations_iPad = "UIInterfaceOrientationPortrait UIInterfaceOrientationPortraitUpsideDown UIInterfaceOrientationLandscapeLeft UIInterfaceOrientationLandscapeRight";
				INFOPLIST_KEY_UISupportedInterfaceOrientations_iPhone = "UIInterfaceOrientationPortrait UIInterfaceOrientationLandscapeLeft UIInterfaceOrientationLandscapeRight";
				LD_RUNPATH_SEARCH_PATHS = (
					"$(inherited)",
					"@executable_path/Frameworks",
				);
				MARKETING_VERSION = 1.0;
				PRODUCT_BUNDLE_IDENTIFIER = "test.swiftUI-L1";
				PRODUCT_NAME = "$(TARGET_NAME)";
				SWIFT_EMIT_LOC_STRINGS = YES;
				SWIFT_VERSION = 5.0;
				TARGETED_DEVICE_FAMILY = "1,2";
			};
			name = Release;
		};
/* End XCBuildConfiguration section */

/* Begin XCConfigurationList section */
		78A806212B298C0600BD3B62 /* Build configuration list for PBXProject "swiftUI_L1" */ = {
			isa = XCConfigurationList;
			buildConfigurations = (
				78A806322B298C0A00BD3B62 /* Debug */,
				78A806332B298C0A00BD3B62 /* Release */,
			);
			defaultConfigurationIsVisible = 0;
			defaultConfigurationName = Release;
		};
		78A806342B298C0A00BD3B62 /* Build configuration list for PBXNativeTarget "swiftUI_L1" */ = {
			isa = XCConfigurationList;
			buildConfigurations = (
				78A806352B298C0A00BD3B62 /* Debug */,
				78A806362B298C0A00BD3B62 /* Release */,
			);
			defaultConfigurationIsVisible = 0;
			defaultConfigurationName = Release;
		};
/* End XCConfigurationList section */
	};
	rootObject = 78A8061E2B298C0600BD3B62 /* Project object */;
}
